
Microsoft Visual Studio Solution File, Format Version 12.00
# Visual Studio Version 17
VisualStudioVersion = 17.0.32112.339
MinimumVisualStudioVersion = 10.0.40219.1
Project("{9A19103F-16F7-4668-BE54-9A1E7A4F7556}") = "SvanholmTournaments.Server", "SvanholmTournaments\Server\SvanholmTournaments.Server.csproj", "{6C819AB4-8456-41BB-B4DD-D0F201A3C4E0}"
EndProject
Project("{9A19103F-16F7-4668-BE54-9A1E7A4F7556}") = "SvanholmTournaments.Client", "SvanholmTournaments\Client\SvanholmTournaments.Client.csproj", "{5085A063-85CA-4CA2-923B-67C3D248B697}"
EndProject
Project("{9A19103F-16F7-4668-BE54-9A1E7A4F7556}") = "SvanholmTournaments.Shared", "SvanholmTournaments\Shared\SvanholmTournaments.Shared.csproj", "{B6AAD283-974C-4563-B3E0-D433F58DFB8C}"
EndProject
Project("{00D1A9C2-B5F0-4AF3-8072-F6C62B433612}") = "UserDB", "UserDB\UserDB.sqlproj", "{CA8FF3C4-455E-4213-BA10-7B04C39A545C}"
EndProject
Project("{2150E333-8FDC-42A3-9474-1A3956D46DE8}") = "Solution Items", "Solution Items", "{146EA630-4CFE-42C5-9D31-D38F45BFBDD3}"
	ProjectSection(SolutionItems) = preProject
		.editorconfig = .editorconfig
	EndProjectSection
EndProject
Global
	GlobalSection(SolutionConfigurationPlatforms) = preSolution
		Debug|Any CPU = Debug|Any CPU
		Release|Any CPU = Release|Any CPU
	EndGlobalSection
	GlobalSection(ProjectConfigurationPlatforms) = postSolution
		{6C819AB4-8456-41BB-B4DD-D0F201A3C4E0}.Debug|Any CPU.ActiveCfg = Debug|Any CPU
		{6C819AB4-8456-41BB-B4DD-D0F201A3C4E0}.Debug|Any CPU.Build.0 = Debug|Any CPU
		{6C819AB4-8456-41BB-B4DD-D0F201A3C4E0}.Release|Any CPU.ActiveCfg = Release|Any CPU
		{6C819AB4-8456-41BB-B4DD-D0F201A3C4E0}.Release|Any CPU.Build.0 = Release|Any CPU
		{5085A063-85CA-4CA2-923B-67C3D248B697}.Debug|Any CPU.ActiveCfg = Debug|Any CPU
		{5085A063-85CA-4CA2-923B-67C3D248B697}.Debug|Any CPU.Build.0 = Debug|Any CPU
		{5085A063-85CA-4CA2-923B-67C3D248B697}.Release|Any CPU.ActiveCfg = Release|Any CPU
		{5085A063-85CA-4CA2-923B-67C3D248B697}.Release|Any CPU.Build.0 = Release|Any CPU
		{B6AAD283-974C-4563-B3E0-D433F58DFB8C}.Debug|Any CPU.ActiveCfg = Debug|Any CPU
		{B6AAD283-974C-4563-B3E0-D433F58DFB8C}.Debug|Any CPU.Build.0 = Debug|Any CPU
		{B6AAD283-974C-4563-B3E0-D433F58DFB8C}.Release|Any CPU.ActiveCfg = Release|Any CPU
		{B6AAD283-974C-4563-B3E0-D433F58DFB8C}.Release|Any CPU.Build.0 = Release|Any CPU
		{CA8FF3C4-455E-4213-BA10-7B04C39A545C}.Debug|Any CPU.ActiveCfg = Debug|Any CPU
		{CA8FF3C4-455E-4213-BA10-7B04C39A545C}.Debug|Any CPU.Build.0 = Debug|Any CPU
		{CA8FF3C4-455E-4213-BA10-7B04C39A545C}.Debug|Any CPU.Deploy.0 = Debug|Any CPU
		{CA8FF3C4-455E-4213-BA10-7B04C39A545C}.Release|Any CPU.ActiveCfg = Release|Any CPU
		{CA8FF3C4-455E-4213-BA10-7B04C39A545C}.Release|Any CPU.Build.0 = Release|Any CPU
		{CA8FF3C4-455E-4213-BA10-7B04C39A545C}.Release|Any CPU.Deploy.0 = Release|Any CPU
	EndGlobalSection
	GlobalSection(SolutionProperties) = preSolution
		HideSolutionNode = FALSE
	EndGlobalSection
	GlobalSection(ExtensibilityGlobals) = postSolution
		SolutionGuid = {D4F0AEDF-E45C-4B48-8D8F-846C2A2EF272}
	EndGlobalSection
EndGlobal
